<?xml version="1.0" encoding="utf-8"?>
<Project ToolsVersion="4.0" xmlns="http://schemas.microsoft.com/developer/msbuild/2003">
  <ItemGroup>
    <Filter Include="Source Files">
      <UniqueIdentifier>{4FC737F1-C7A5-4376-A066-2A32D752A2FF}</UniqueIdentifier>
      <Extensions>cpp;c;cc;cxx;def;odl;idl;hpj;bat;asm;asmx</Extensions>
    </Filter>
    <Filter Include="Resource Files">
      <UniqueIdentifier>{67DA6AB6-F800-4c08-8B7A-83BB121AAD01}</UniqueIdentifier>
      <Extensions>rc;ico;cur;bmp;dlg;rc2;rct;bin;rgs;gif;jpg;jpeg;jpe;resx;tiff;tif;png;wav;mfcribbon-ms</Extensions>
    </Filter>
    <Filter Include="Header Files">
      <UniqueIdentifier>{731d09a6-fa0c-4031-b802-33095635806a}</UniqueIdentifier>
    </Filter>
    <Filter Include="smol">
      <UniqueIdentifier>{7530bba8-f22c-42d8-838e-9ec395304182}</UniqueIdentifier>
    </Filter>
    <Filter Include="Shaders">
      <UniqueIdentifier>{dea03559-7e3a-4f72-b844-fe4859ec9dd0}</UniqueIdentifier>
    </Filter>
    <Filter Include="Script">
      <UniqueIdentifier>{acb9de32-b25c-4d37-847a-fb1d9bb9dcb8}</UniqueIdentifier>
    </Filter>
  </ItemGroup>
  <ItemGroup>
    <ClCompile Include="main.cpp">
      <Filter>Source Files</Filter>
    </ClCompile>
    <ClCompile Include="playground.cpp">
      <Filter>Source Files</Filter>
    </ClCompile>
    <ClCompile Include="graphics.cpp">
      <Filter>Source Files</Filter>
    </ClCompile>
    <ClCompile Include="stb_image.cpp">
      <Filter>Source Files</Filter>
    </ClCompile>
    <ClCompile Include="model_asset.cpp">
      <Filter>Source Files</Filter>
    </ClCompile>
    <ClCompile Include="smol\texture_manager.cpp">
      <Filter>smol</Filter>
    </ClCompile>
    <ClCompile Include="smol\renderer.cpp">
      <Filter>smol</Filter>
    </ClCompile>
    <ClCompile Include="smol\renderer_2d.cpp">
      <Filter>smol</Filter>
    </ClCompile>
    <ClCompile Include="smol\model.cpp">
      <Filter>smol</Filter>
    </ClCompile>
    <ClCompile Include="smol\model_manager.cpp">
      <Filter>smol</Filter>
    </ClCompile>
    <ClCompile Include="smol\shader_manager.cpp">
      <Filter>smol</Filter>
    </ClCompile>
    <ClCompile Include="smol\debug_render.cpp">
      <Filter>smol</Filter>
    </ClCompile>
    <ClCompile Include="arcball.cpp">
      <Filter>Source Files</Filter>
    </ClCompile>
    <ClCompile Include="debug_gui_script_binding.cpp">
      <Filter>Source Files</Filter>
    </ClCompile>
    <ClCompile Include="smol\render_target_blitter.cpp">
      <Filter>smol</Filter>
    </ClCompile>
    <ClCompile Include="smol\material_helpers.cpp">
      <Filter>smol</Filter>
    </ClCompile>
  </ItemGroup>
  <ItemGroup>
    <ClInclude Include="graphics.h">
      <Filter>Header Files</Filter>
    </ClInclude>
    <ClInclude Include="playground.h">
      <Filter>Header Files</Filter>
    </ClInclude>
    <ClInclude Include="model_asset.h">
      <Filter>Header Files</Filter>
    </ClInclude>
    <ClInclude Include="stb_image.h">
      <Filter>Header Files</Filter>
    </ClInclude>
    <ClInclude Include="smol\texture_manager.h">
      <Filter>smol</Filter>
    </ClInclude>
    <ClInclude Include="smol\mesh_instance.h">
      <Filter>smol</Filter>
    </ClInclude>
    <ClInclude Include="smol\renderer.h">
      <Filter>smol</Filter>
    </ClInclude>
    <ClInclude Include="smol\renderer_2d.h">
      <Filter>smol</Filter>
    </ClInclude>
    <ClInclude Include="smol\model.h">
      <Filter>smol</Filter>
    </ClInclude>
    <ClInclude Include="smol\model_manager.h">
      <Filter>smol</Filter>
    </ClInclude>
    <ClInclude Include="smol\shader_manager.h">
      <Filter>smol</Filter>
    </ClInclude>
    <ClInclude Include="smol\light.h">
      <Filter>smol</Filter>
    </ClInclude>
    <ClInclude Include="smol\debug_render.h">
      <Filter>smol</Filter>
    </ClInclude>
    <ClInclude Include="arcball.h">
      <Filter>Header Files</Filter>
    </ClInclude>
    <ClInclude Include="..\data\global_uniforms.h">
      <Filter>Shaders</Filter>
    </ClInclude>
    <ClInclude Include="debug_gui_script_binding.h">
      <Filter>Header Files</Filter>
    </ClInclude>
    <ClInclude Include="smol\render_target_blitter.h">
      <Filter>smol</Filter>
    </ClInclude>
    <ClInclude Include="smol\material_helpers.h">
      <Filter>smol</Filter>
    </ClInclude>
  </ItemGroup>
  <ItemGroup>
    <None Include="..\data\basic.fs">
      <Filter>Shaders</Filter>
    </None>
    <None Include="..\data\basic.vs">
      <Filter>Shaders</Filter>
    </None>
    <None Include="..\data\debugrender.fs">
      <Filter>Shaders</Filter>
    </None>
    <None Include="..\data\debugrender.vs">
      <Filter>Shaders</Filter>
    </None>
    <None Include="..\data\quad.fs">
      <Filter>Shaders</Filter>
    </None>
    <None Include="..\data\quad.vs">
      <Filter>Shaders</Filter>
    </None>
    <None Include="..\data\shared.fs">
      <Filter>Shaders</Filter>
    </None>
    <None Include="..\data\playground.lua">
      <Filter>Script</Filter>
    </None>
    <None Include="..\data\config.lua">
      <Filter>Script</Filter>
    </None>
    <None Include="..\data\shared.vs">
      <Filter>Shaders</Filter>
    </None>
    <None Include="..\data\simplediffuse.vs">
      <Filter>Shaders</Filter>
    </None>
    <None Include="..\data\simplediffuse.fs">
      <Filter>Shaders</Filter>
    </None>
    <None Include="..\data\basic_blit.vs">
      <Filter>Shaders</Filter>
    </None>
    <None Include="..\data\basic_blit.fs">
      <Filter>Shaders</Filter>
    </None>
  </ItemGroup>
</Project>